{
  "lockfileVersion": 1,
  "workspaces": {
    "": {
      "name": "habilis",
      "devDependencies": {
        "@types/bun": "latest",
        "prettier": "^3.5.0",
        "typescript": "^5.0.0",
      },
    },
    "packages/machina-habilis": {
      "name": "@elite-agents/machina-habilis",
      "version": "0.3.0",
      "dependencies": {
        "@elite-agents/oldowan": "*",
        "@solana/kit": "^2.1.0",
        "hono": "^4.7.5",
        "nanoid": "^5.0.9",
        "openai": "^4.90.0",
        "zod": "^3.24.2",
      },
      "devDependencies": {
        "@types/bun": "latest",
        "typescript": "^5.0.0",
      },
    },
    "packages/oldowan": {
      "name": "@elite-agents/oldowan",
      "version": "0.4.0",
      "bin": {
        "oldowan": "./dist/cli.js",
      },
      "dependencies": {
        "@modelcontextprotocol/sdk": "^1.4.1",
        "@readme/openapi-schemas": "^3.1.0",
        "@solana/kit": "^2.1.0",
        "commander": "^11.1.0",
        "hono": "^4.7.0",
        "jsonschema": "^1.5.0",
        "zod": "^3.24.1",
      },
      "devDependencies": {
        "@types/bun": "latest",
      },
      "peerDependencies": {
        "typescript": "^5.0.0",
      },
    },
  },
  "packages": {
    "@elite-agents/machina-habilis": ["@elite-agents/machina-habilis@workspace:packages/machina-habilis"],

    "@elite-agents/oldowan": ["@elite-agents/oldowan@workspace:packages/oldowan"],

    "@modelcontextprotocol/sdk": ["@modelcontextprotocol/sdk@1.4.1", "", { "dependencies": { "content-type": "^1.0.5", "eventsource": "^3.0.2", "raw-body": "^3.0.0", "zod": "^3.23.8", "zod-to-json-schema": "^3.24.1" } }, "sha512-wS6YC4lkUZ9QpP+/7NBTlVNiEvsnyl0xF7rRusLF+RsG0xDPc/zWR7fEEyhKnnNutGsDAZh59l/AeoWGwIb1+g=="],

    "@readme/openapi-schemas": ["@readme/openapi-schemas@3.1.0", "", {}, "sha512-9FC/6ho8uFa8fV50+FPy/ngWN53jaUu4GRXlAjcxIRrzhltJnpKkBG2Tp0IDraFJeWrOpk84RJ9EMEEYzaI1Bw=="],

    "@solana/accounts": ["@solana/accounts@2.1.0", "", { "dependencies": { "@solana/addresses": "2.1.0", "@solana/codecs-core": "2.1.0", "@solana/codecs-strings": "2.1.0", "@solana/errors": "2.1.0", "@solana/rpc-spec": "2.1.0", "@solana/rpc-types": "2.1.0" }, "peerDependencies": { "typescript": ">=5" } }, "sha512-1JOBiLFeIeHmGx7k1b23UWF9vM1HAh9GBMCzr5rBPrGSBs+QUgxBJ3+yrRg+UPEOSELubqo7qoOVFUKYsb1nXw=="],

    "@solana/addresses": ["@solana/addresses@2.1.0", "", { "dependencies": { "@solana/assertions": "2.1.0", "@solana/codecs-core": "2.1.0", "@solana/codecs-strings": "2.1.0", "@solana/errors": "2.1.0" }, "peerDependencies": { "typescript": ">=5" } }, "sha512-IgiRuju2yLz14GnrysOPSNZbZQ8F+7jhx7FYZLrbKogf6NX4wy4ijLHxRsLFqP8o8aY69BZULkM9MwrSjsZi7A=="],

    "@solana/assertions": ["@solana/assertions@2.1.0", "", { "dependencies": { "@solana/errors": "2.1.0" }, "peerDependencies": { "typescript": ">=5" } }, "sha512-KCYmxFRsg897Ec7yGdpc0rniOlqGD3NpicmIjWIV87uiXX5uFco4t+01sKyFlhsv4T4OgHxngMsxkfQ3AUkFVg=="],

    "@solana/codecs": ["@solana/codecs@2.1.0", "", { "dependencies": { "@solana/codecs-core": "2.1.0", "@solana/codecs-data-structures": "2.1.0", "@solana/codecs-numbers": "2.1.0", "@solana/codecs-strings": "2.1.0", "@solana/options": "2.1.0" }, "peerDependencies": { "typescript": ">=5" } }, "sha512-C0TnfrpbTg7zoIFYfM65ofeL2AWEz80OsD6mjVdcTKpb1Uj7XuBuNLss3dMnatPQaL7RagD9VLA5/WfYayyteQ=="],

    "@solana/codecs-core": ["@solana/codecs-core@2.1.0", "", { "dependencies": { "@solana/errors": "2.1.0" }, "peerDependencies": { "typescript": ">=5" } }, "sha512-SR7pKtmJBg2mhmkel2NeHA1pz06QeQXdMv8WJoIR9m8F/hw80K/612uaYbwTt2nkK0jg/Qn/rNSd7EcJ4SBGjw=="],

    "@solana/codecs-data-structures": ["@solana/codecs-data-structures@2.1.0", "", { "dependencies": { "@solana/codecs-core": "2.1.0", "@solana/codecs-numbers": "2.1.0", "@solana/errors": "2.1.0" }, "peerDependencies": { "typescript": ">=5" } }, "sha512-oDF5ek54kirqJ09q8k/qEpobBiWOhd3CkkGOTyfjsmTF/IGIigNbdYIakxV3+vudBeaNBw08y0XdBYI4JL/nqA=="],

    "@solana/codecs-numbers": ["@solana/codecs-numbers@2.1.0", "", { "dependencies": { "@solana/codecs-core": "2.1.0", "@solana/errors": "2.1.0" }, "peerDependencies": { "typescript": ">=5" } }, "sha512-XMu4yw5iCgQnMKsxSWPPOrGgtaohmupN3eyAtYv3K3C/MJEc5V90h74k5B1GUCiHvcrdUDO9RclNjD9lgbjFag=="],

    "@solana/codecs-strings": ["@solana/codecs-strings@2.1.0", "", { "dependencies": { "@solana/codecs-core": "2.1.0", "@solana/codecs-numbers": "2.1.0", "@solana/errors": "2.1.0" }, "peerDependencies": { "fastestsmallesttextencoderdecoder": "^1.0.22", "typescript": ">=5" } }, "sha512-O/eJFLzFrHomcCR1Y5QbIqoPo7iaJaWNnIeskB4mVhVjLyjlJS4WtBP2NBRzM9uJXaXyOxxKroqqO9zFsHOpvQ=="],

    "@solana/errors": ["@solana/errors@2.1.0", "", { "dependencies": { "chalk": "^5.3.0", "commander": "^13.1.0" }, "peerDependencies": { "typescript": ">=5" }, "bin": { "errors": "bin/cli.mjs" } }, "sha512-l+GxAv0Ar4d3c3PlZdA9G++wFYZREEbbRyAFP8+n8HSg0vudCuzogh/13io6hYuUhG/9Ve8ARZNamhV7UScKNw=="],

    "@solana/fast-stable-stringify": ["@solana/fast-stable-stringify@2.1.0", "", { "peerDependencies": { "typescript": ">=5" } }, "sha512-a8vR92qbe/VsvQ1BpN3PIEwnoHD2fTHEwCJh9GG58z3R15RIjk73gc0khjcdg4U1tZwTJqWkvk8SbDIgGdOgMA=="],

    "@solana/functional": ["@solana/functional@2.1.0", "", { "peerDependencies": { "typescript": ">=5" } }, "sha512-RVij8Av4F2uUOFcEC8n9lgD72e9gQMritmGHhMh+G91Xops4I6Few+oQ++XgSTiL2t3g3Cs0QZ13onZ0FL45FQ=="],

    "@solana/instructions": ["@solana/instructions@2.1.0", "", { "dependencies": { "@solana/codecs-core": "2.1.0", "@solana/errors": "2.1.0" }, "peerDependencies": { "typescript": ">=5" } }, "sha512-wfn6e7Rgm0Sw/Th1v/pXsKTvloZvAAQI7j1yc9WcIk9ngqH5p6LhqMMkrwYPB2oTk8+MMr7SZ4E+2eK2gL6ODA=="],

    "@solana/keys": ["@solana/keys@2.1.0", "", { "dependencies": { "@solana/assertions": "2.1.0", "@solana/codecs-core": "2.1.0", "@solana/codecs-strings": "2.1.0", "@solana/errors": "2.1.0" }, "peerDependencies": { "typescript": ">=5" } }, "sha512-esY1+dlZjB18hZML5p+YPec29wi3HH0SzKx7RiqF//dI2cJ6vHfq3F+7ArbNnF6R2YCLFtl7DzS/tkqR2Xkxeg=="],

    "@solana/kit": ["@solana/kit@2.1.0", "", { "dependencies": { "@solana/accounts": "2.1.0", "@solana/addresses": "2.1.0", "@solana/codecs": "2.1.0", "@solana/errors": "2.1.0", "@solana/functional": "2.1.0", "@solana/instructions": "2.1.0", "@solana/keys": "2.1.0", "@solana/programs": "2.1.0", "@solana/rpc": "2.1.0", "@solana/rpc-parsed-types": "2.1.0", "@solana/rpc-spec-types": "2.1.0", "@solana/rpc-subscriptions": "2.1.0", "@solana/rpc-types": "2.1.0", "@solana/signers": "2.1.0", "@solana/sysvars": "2.1.0", "@solana/transaction-confirmation": "2.1.0", "@solana/transaction-messages": "2.1.0", "@solana/transactions": "2.1.0" }, "peerDependencies": { "typescript": ">=5" } }, "sha512-vqaHROLKp89xdIbaKVG6BQ44uMN9E6/rSTeltkvquD2qdTObssafGDbAKVFjwZhlNO+sdzHDCLekGabn5VAL6A=="],

    "@solana/options": ["@solana/options@2.1.0", "", { "dependencies": { "@solana/codecs-core": "2.1.0", "@solana/codecs-data-structures": "2.1.0", "@solana/codecs-numbers": "2.1.0", "@solana/codecs-strings": "2.1.0", "@solana/errors": "2.1.0" }, "peerDependencies": { "typescript": ">=5" } }, "sha512-T/vJCr8qnwK6HxriOPXCrx31IpA9ZYecxuOzQ3G74kIayED4spmpXp6PLtRYR/fo2LZ6UcgHN0qSgONnvwEweg=="],

    "@solana/programs": ["@solana/programs@2.1.0", "", { "dependencies": { "@solana/addresses": "2.1.0", "@solana/errors": "2.1.0" }, "peerDependencies": { "typescript": ">=5" } }, "sha512-9Y30/yUbTR99+QRN2ukNXQQTGY68oKmVrXnh/et6StM1JF5WHvAJqBigsHG5bt6KxTISoRuncBnH/IRnDqPxKg=="],

    "@solana/promises": ["@solana/promises@2.1.0", "", { "peerDependencies": { "typescript": ">=5" } }, "sha512-eQJaQXA2kD4dVyifzhslV3wOvq27fwOJ4az89BQ4Cz83zPbR94xOeDShwcXrKBYqaUf6XqH5MzdEo14t4tKAFQ=="],

    "@solana/rpc": ["@solana/rpc@2.1.0", "", { "dependencies": { "@solana/errors": "2.1.0", "@solana/fast-stable-stringify": "2.1.0", "@solana/functional": "2.1.0", "@solana/rpc-api": "2.1.0", "@solana/rpc-spec": "2.1.0", "@solana/rpc-spec-types": "2.1.0", "@solana/rpc-transformers": "2.1.0", "@solana/rpc-transport-http": "2.1.0", "@solana/rpc-types": "2.1.0" }, "peerDependencies": { "typescript": ">=5" } }, "sha512-myg9qAo6b2WKyHSMXURQykb+ZRnNEXBPLEcwRwkos8STzPPyRFg6ady2s0FCQQTtL/pVjanIU2bObZIzbMGugA=="],

    "@solana/rpc-api": ["@solana/rpc-api@2.1.0", "", { "dependencies": { "@solana/addresses": "2.1.0", "@solana/codecs-core": "2.1.0", "@solana/codecs-strings": "2.1.0", "@solana/errors": "2.1.0", "@solana/keys": "2.1.0", "@solana/rpc-parsed-types": "2.1.0", "@solana/rpc-spec": "2.1.0", "@solana/rpc-transformers": "2.1.0", "@solana/rpc-types": "2.1.0", "@solana/transaction-messages": "2.1.0", "@solana/transactions": "2.1.0" }, "peerDependencies": { "typescript": ">=5" } }, "sha512-4yCnHYHFlz9VffivoY5q/HVeBjT59byB2gmg7UyC3ktxD28AlF9jjsE5tJKiapAKr2J3KWm0D/rH/QwW14cGeA=="],

    "@solana/rpc-parsed-types": ["@solana/rpc-parsed-types@2.1.0", "", { "peerDependencies": { "typescript": ">=5" } }, "sha512-mRzHemxlWDS9p1fPQNKwL+1vEOUMG8peSUJb0X/NbM12yjowDNdzM++fkOgIyCKDPddfkcoNmNrQmr2jwjdN1Q=="],

    "@solana/rpc-spec": ["@solana/rpc-spec@2.1.0", "", { "dependencies": { "@solana/errors": "2.1.0", "@solana/rpc-spec-types": "2.1.0" }, "peerDependencies": { "typescript": ">=5" } }, "sha512-NPAIM5EY7Jke0mHnmoMpgCEb/nZKIo+bgVFK/u+z74gY0JnCNt0DfocStUUQtlhqSmTyoHamt3lfxp4GT2zXbA=="],

    "@solana/rpc-spec-types": ["@solana/rpc-spec-types@2.1.0", "", { "peerDependencies": { "typescript": ">=5" } }, "sha512-NxcZ8piXMyCdbNUL6d36QJfL2UAQEN33StlGku0ltTVe1nrokZ5WRNjSPohU1fODlNaZzTvUFzvUkM1yGCkyzw=="],

    "@solana/rpc-subscriptions": ["@solana/rpc-subscriptions@2.1.0", "", { "dependencies": { "@solana/errors": "2.1.0", "@solana/fast-stable-stringify": "2.1.0", "@solana/functional": "2.1.0", "@solana/promises": "2.1.0", "@solana/rpc-spec-types": "2.1.0", "@solana/rpc-subscriptions-api": "2.1.0", "@solana/rpc-subscriptions-channel-websocket": "2.1.0", "@solana/rpc-subscriptions-spec": "2.1.0", "@solana/rpc-transformers": "2.1.0", "@solana/rpc-types": "2.1.0", "@solana/subscribable": "2.1.0" }, "peerDependencies": { "typescript": ">=5" } }, "sha512-dTyI03VlueE3s7mA/OBlA5l6yKUUKHMJd31tpzxV3AFnqE/QPS5NVrF/WY6pPBobLJiCP0UFOe7eR/MKP9SUCA=="],

    "@solana/rpc-subscriptions-api": ["@solana/rpc-subscriptions-api@2.1.0", "", { "dependencies": { "@solana/addresses": "2.1.0", "@solana/keys": "2.1.0", "@solana/rpc-subscriptions-spec": "2.1.0", "@solana/rpc-transformers": "2.1.0", "@solana/rpc-types": "2.1.0", "@solana/transaction-messages": "2.1.0", "@solana/transactions": "2.1.0" }, "peerDependencies": { "typescript": ">=5" } }, "sha512-de1dBRSE2CUwoZHMXQ/0v7iC+/pG0+iYY8jLHGGNxtKrYbTnV08mXQbaAMrmv2Rk8ZFmfJWbqbYZ9dRWdO3P5g=="],

    "@solana/rpc-subscriptions-channel-websocket": ["@solana/rpc-subscriptions-channel-websocket@2.1.0", "", { "dependencies": { "@solana/errors": "2.1.0", "@solana/functional": "2.1.0", "@solana/rpc-subscriptions-spec": "2.1.0", "@solana/subscribable": "2.1.0" }, "peerDependencies": { "typescript": ">=5", "ws": "^8.18.0" } }, "sha512-goJe9dv0cs967HJ382vSX8yapXgQzRHCmH323LsXrrpj/s3Eb3yUwJq7AcHgoh4gKIqyAfGybq/bE5Aa8Pcm9g=="],

    "@solana/rpc-subscriptions-spec": ["@solana/rpc-subscriptions-spec@2.1.0", "", { "dependencies": { "@solana/errors": "2.1.0", "@solana/promises": "2.1.0", "@solana/rpc-spec-types": "2.1.0", "@solana/subscribable": "2.1.0" }, "peerDependencies": { "typescript": ">=5" } }, "sha512-Uqasfd3Tlr22lC/Vy5dToF0e68dMKPdnt4ks7FwXuPdEbNRM/TDGb0GqG+bt/d3IIrNOCA5Y8vsE0nQHGrWG/w=="],

    "@solana/rpc-transformers": ["@solana/rpc-transformers@2.1.0", "", { "dependencies": { "@solana/errors": "2.1.0", "@solana/functional": "2.1.0", "@solana/rpc-spec-types": "2.1.0", "@solana/rpc-types": "2.1.0" }, "peerDependencies": { "typescript": ">=5" } }, "sha512-E2xPlaCu6tNO00v4HIJxJCYkoNwgVJYad5sxbIUZOQBWwXnWIcll2jUT4bWKpBGq5vFDYfkzRBr8Rco3DhfXqg=="],

    "@solana/rpc-transport-http": ["@solana/rpc-transport-http@2.1.0", "", { "dependencies": { "@solana/errors": "2.1.0", "@solana/rpc-spec": "2.1.0", "@solana/rpc-spec-types": "2.1.0", "undici-types": "^7.3.0" }, "peerDependencies": { "typescript": ">=5" } }, "sha512-E3UovTBid4/S8QDd9FkADVKfyG+v7CW5IqI4c27ZDKfazCsnDLLkqh98C6BvNCqi278HKBui4lI2GoFpCq89Pw=="],

    "@solana/rpc-types": ["@solana/rpc-types@2.1.0", "", { "dependencies": { "@solana/addresses": "2.1.0", "@solana/codecs-core": "2.1.0", "@solana/codecs-numbers": "2.1.0", "@solana/codecs-strings": "2.1.0", "@solana/errors": "2.1.0" }, "peerDependencies": { "typescript": ">=5" } }, "sha512-1ODnhmpR1X/GjB7hs4gVR3mcCagfPQV0dzq/2DNuCiMjx2snn64KP5WoAHfBEyoC9/Rb36+JpNj/hLAOikipKA=="],

    "@solana/signers": ["@solana/signers@2.1.0", "", { "dependencies": { "@solana/addresses": "2.1.0", "@solana/codecs-core": "2.1.0", "@solana/errors": "2.1.0", "@solana/instructions": "2.1.0", "@solana/keys": "2.1.0", "@solana/transaction-messages": "2.1.0", "@solana/transactions": "2.1.0" }, "peerDependencies": { "typescript": ">=5" } }, "sha512-Yq0JdJnCecRsSBshNWy+OIRmAGeVfjwIh9Z+H1jv8u8p+dJCOreKakTWuxMt5tnj3q5K1mPcak9O2PqVPZ0teA=="],

    "@solana/subscribable": ["@solana/subscribable@2.1.0", "", { "dependencies": { "@solana/errors": "2.1.0" }, "peerDependencies": { "typescript": ">=5" } }, "sha512-xi12Cm889+uT5sRKnIzr7nLnHAp3hiR3dqIzrT1P7z7iEGp8OnqUQIQCHlgozFHM2cPW+6685NQXk1l1ImuJIw=="],

    "@solana/sysvars": ["@solana/sysvars@2.1.0", "", { "dependencies": { "@solana/accounts": "2.1.0", "@solana/codecs": "2.1.0", "@solana/errors": "2.1.0", "@solana/rpc-types": "2.1.0" }, "peerDependencies": { "typescript": ">=5" } }, "sha512-GXu9yS0zIebmM1Unqw/XFpYuvug03m42w98ioOPV/yiHzECggGRGpHGD9RLVYnkyz0eL4NRbnJ5dAEu/fvGe0A=="],

    "@solana/transaction-confirmation": ["@solana/transaction-confirmation@2.1.0", "", { "dependencies": { "@solana/addresses": "2.1.0", "@solana/codecs-strings": "2.1.0", "@solana/errors": "2.1.0", "@solana/keys": "2.1.0", "@solana/promises": "2.1.0", "@solana/rpc": "2.1.0", "@solana/rpc-subscriptions": "2.1.0", "@solana/rpc-types": "2.1.0", "@solana/transaction-messages": "2.1.0", "@solana/transactions": "2.1.0" }, "peerDependencies": { "typescript": ">=5" } }, "sha512-VxOvtvs2e9h5u73PHyE2TptLAMO5x6dOXlOgvq1Nk6l3rKM2HAsd+KDpN7gjOo8/EgItMMmyEilXygWWRgpSIA=="],

    "@solana/transaction-messages": ["@solana/transaction-messages@2.1.0", "", { "dependencies": { "@solana/addresses": "2.1.0", "@solana/codecs-core": "2.1.0", "@solana/codecs-data-structures": "2.1.0", "@solana/codecs-numbers": "2.1.0", "@solana/errors": "2.1.0", "@solana/functional": "2.1.0", "@solana/instructions": "2.1.0", "@solana/rpc-types": "2.1.0" }, "peerDependencies": { "typescript": ">=5" } }, "sha512-+GPzZHLYNFbqHKoiL8mYALp7eAXtAbI6zLViZpIM3zUbVNU3q5+FCKGv6jCBnxs+3QCbeapu+W1OyfDa6BUtTQ=="],

    "@solana/transactions": ["@solana/transactions@2.1.0", "", { "dependencies": { "@solana/addresses": "2.1.0", "@solana/codecs-core": "2.1.0", "@solana/codecs-data-structures": "2.1.0", "@solana/codecs-numbers": "2.1.0", "@solana/codecs-strings": "2.1.0", "@solana/errors": "2.1.0", "@solana/functional": "2.1.0", "@solana/instructions": "2.1.0", "@solana/keys": "2.1.0", "@solana/rpc-types": "2.1.0", "@solana/transaction-messages": "2.1.0" }, "peerDependencies": { "typescript": ">=5" } }, "sha512-QeM4sCItReeIy5LU7LhGkz7RPfMPTg/Qo8h0LSfhiJiPTOHOhElmh42vkLJmwPl83+MsKtisyPQNK6penM2nAw=="],

    "@types/bun": ["@types/bun@1.2.2", "", { "dependencies": { "bun-types": "1.2.2" } }, "sha512-tr74gdku+AEDN5ergNiBnplr7hpDp3V1h7fqI2GcR/rsUaM39jpSeKH0TFibRvU0KwniRx5POgaYnaXbk0hU+w=="],

    "@types/node": ["@types/node@18.19.75", "", { "dependencies": { "undici-types": "~5.26.4" } }, "sha512-UIksWtThob6ZVSyxcOqCLOUNg/dyO1Qvx4McgeuhrEtHTLFTf7BBhEazaE4K806FGTPtzd/2sE90qn4fVr7cyw=="],

    "@types/node-fetch": ["@types/node-fetch@2.6.12", "", { "dependencies": { "@types/node": "*", "form-data": "^4.0.0" } }, "sha512-8nneRWKCg3rMtF69nLQJnOYUcbafYeFSjqkw3jCRLsqkWFlHaoQrr5mXmofFGOx3DKn7UfmBMyov8ySvLRVldA=="],

    "@types/ws": ["@types/ws@8.5.14", "", { "dependencies": { "@types/node": "*" } }, "sha512-bd/YFLW+URhBzMXurx7lWByOu+xzU9+kb3RboOteXYDfW+tr+JZa99OyNmPINEGB/ahzKrEuc8rcv4gnpJmxTw=="],

    "abort-controller": ["abort-controller@3.0.0", "", { "dependencies": { "event-target-shim": "^5.0.0" } }, "sha512-h8lQ8tacZYnR3vNQTgibj+tODHI5/+l06Au2Pcriv/Gmet0eaj4TwWH41sO9wnHDiQsEj19q0drzdWdeAHtweg=="],

    "agentkeepalive": ["agentkeepalive@4.6.0", "", { "dependencies": { "humanize-ms": "^1.2.1" } }, "sha512-kja8j7PjmncONqaTsB8fQ+wE2mSU2DJ9D4XKoJ5PFWIdRMa6SLSN1ff4mOr4jCbfRSsxR4keIiySJU0N9T5hIQ=="],

    "asynckit": ["asynckit@0.4.0", "", {}, "sha512-Oei9OH4tRh0YqU3GxhX79dM/mwVgvbZJaSNaRk+bshkj0S5cfHcgYakreBjrHwatXKbz+IoIdYLxrKim2MjW0Q=="],

    "bufferutil": ["bufferutil@4.0.9", "", { "dependencies": { "node-gyp-build": "^4.3.0" } }, "sha512-WDtdLmJvAuNNPzByAYpRo2rF1Mmradw6gvWsQKf63476DDXmomT9zUiGypLcG4ibIM67vhAj8jJRdbmEws2Aqw=="],

    "bun-types": ["bun-types@1.2.2", "", { "dependencies": { "@types/node": "*", "@types/ws": "~8.5.10" } }, "sha512-RCbMH5elr9gjgDGDhkTTugA21XtJAy/9jkKe/G3WR2q17VPGhcquf9Sir6uay9iW+7P/BV0CAHA1XlHXMAVKHg=="],

    "bytes": ["bytes@3.1.2", "", {}, "sha512-/Nf7TyzTx6S3yRJObOAV7956r8cr2+Oj8AC5dt8wSP3BQAoeX58NoHyCU8P8zGkNXStjTSi6fzO6F0pBdcYbEg=="],

    "chalk": ["chalk@5.4.1", "", {}, "sha512-zgVZuo2WcZgfUEmsn6eO3kINexW8RAE4maiQ8QNs8CtpPCSyMiYsULR3HQYkm3w8FIA3SberyMJMSldGsW+U3w=="],

    "combined-stream": ["combined-stream@1.0.8", "", { "dependencies": { "delayed-stream": "~1.0.0" } }, "sha512-FQN4MRfuJeHf7cBbBMJFXhKSDq+2kAArBlmRBvcvFE5BB1HZKXtSFASDhdlz9zOYwxh8lDdnvmMOe/+5cdoEdg=="],

    "commander": ["commander@11.1.0", "", {}, "sha512-yPVavfyCcRhmorC7rWlkHn15b4wDVgVmBA7kV4QVBsF7kv/9TKJAbAXVTxvTnwP8HHKjRCJDClKbciiYS7p0DQ=="],

    "content-type": ["content-type@1.0.5", "", {}, "sha512-nTjqfcBFEipKdXCv4YDQWCfmcLZKm81ldF0pAopTvyrFGVbcR6P/VAAd5G7N+0tTr8QqiU0tFadD6FK4NtJwOA=="],

    "delayed-stream": ["delayed-stream@1.0.0", "", {}, "sha512-ZySD7Nf91aLB0RxL4KGrKHBXl7Eds1DAmEdcoVawXnLD7SDhpNgtuII2aAkg7a7QS41jxPSZ17p4VdGnMHk3MQ=="],

    "depd": ["depd@2.0.0", "", {}, "sha512-g7nH6P6dyDioJogAAGprGpCtVImJhpPk/roCzdb3fIh61/s/nPsfR6onyMwkCAR/OlC3yBC0lESvUoQEAssIrw=="],

    "encoding": ["encoding@0.1.13", "", { "dependencies": { "iconv-lite": "^0.6.2" } }, "sha512-ETBauow1T35Y/WZMkio9jiM0Z5xjHHmJ4XmjZOq1l/dXz3lr2sRn87nJy20RupqSh1F2m3HHPSp8ShIPQJrJ3A=="],

    "event-target-shim": ["event-target-shim@5.0.1", "", {}, "sha512-i/2XbnSz/uxRCU6+NdVJgKWDTM427+MqYbkQzD321DuCQJUqOuJKIA0IM2+W2xtYHdKOmZ4dR6fExsd4SXL+WQ=="],

    "eventsource": ["eventsource@3.0.5", "", { "dependencies": { "eventsource-parser": "^3.0.0" } }, "sha512-LT/5J605bx5SNyE+ITBDiM3FxffBiq9un7Vx0EwMDM3vg8sWKx/tO2zC+LMqZ+smAM0F2hblaDZUVZF0te2pSw=="],

    "eventsource-parser": ["eventsource-parser@3.0.0", "", {}, "sha512-T1C0XCUimhxVQzW4zFipdx0SficT651NnkR0ZSH3yQwh+mFMdLfgjABVi4YtMTtaL4s168593DaoaRLMqryavA=="],

    "fastestsmallesttextencoderdecoder": ["fastestsmallesttextencoderdecoder@1.0.22", "", {}, "sha512-Pb8d48e+oIuY4MaM64Cd7OW1gt4nxCHs7/ddPPZ/Ic3sg8yVGM7O9wDvZ7us6ScaUupzM+pfBolwtYhN1IxBIw=="],

    "form-data": ["form-data@4.0.1", "", { "dependencies": { "asynckit": "^0.4.0", "combined-stream": "^1.0.8", "mime-types": "^2.1.12" } }, "sha512-tzN8e4TX8+kkxGPK8D5u0FNmjPUjw3lwC9lSLxxoB/+GtsJG91CO8bSWy73APlgAZzZbXEYZJuxjkHH2w+Ezhw=="],

    "form-data-encoder": ["form-data-encoder@1.7.2", "", {}, "sha512-qfqtYan3rxrnCk1VYaA4H+Ms9xdpPqvLZa6xmMgFvhO32x7/3J/ExcTd6qpxM0vH2GdMI+poehyBZvqfMTto8A=="],

    "formdata-node": ["formdata-node@4.4.1", "", { "dependencies": { "node-domexception": "1.0.0", "web-streams-polyfill": "4.0.0-beta.3" } }, "sha512-0iirZp3uVDjVGt9p49aTaqjk84TrglENEDuqfdlZQ1roC9CWlPk6Avf8EEnZNcAqPonwkG35x4n3ww/1THYAeQ=="],

    "hono": ["hono@4.7.5", "", {}, "sha512-fDOK5W2C1vZACsgLONigdZTRZxuBqFtcKh7bUQ5cVSbwI2RWjloJDcgFOVzbQrlI6pCmhlTsVYZ7zpLj4m4qMQ=="],

    "http-errors": ["http-errors@2.0.0", "", { "dependencies": { "depd": "2.0.0", "inherits": "2.0.4", "setprototypeof": "1.2.0", "statuses": "2.0.1", "toidentifier": "1.0.1" } }, "sha512-FtwrG/euBzaEjYeRqOgly7G0qviiXoJWnvEH2Z1plBdXgbyjv34pHTSb9zoeHMyDy33+DWy5Wt9Wo+TURtOYSQ=="],

    "humanize-ms": ["humanize-ms@1.2.1", "", { "dependencies": { "ms": "^2.0.0" } }, "sha512-Fl70vYtsAFb/C06PTS9dZBo7ihau+Tu/DNCk/OyHhea07S+aeMWpFFkUaXRa8fI+ScZbEI8dfSxwY7gxZ9SAVQ=="],

    "iconv-lite": ["iconv-lite@0.6.3", "", { "dependencies": { "safer-buffer": ">= 2.1.2 < 3.0.0" } }, "sha512-4fCk79wshMdzMp2rH06qWrJE4iolqLhCUH+OiuIgU++RB0+94NlDL81atO7GX55uUKueo0txHNtvEyI6D7WdMw=="],

    "inherits": ["inherits@2.0.4", "", {}, "sha512-k/vGaX4/Yla3WzyMCvTQOXYeIHvqOKtnqBduzTHpzpQZzAskKMhZ2K+EnBiSM9zGSoIFeMpXKxa4dYeZIQqewQ=="],

    "jsonschema": ["jsonschema@1.5.0", "", {}, "sha512-K+A9hhqbn0f3pJX17Q/7H6yQfD/5OXgdrR5UE12gMXCiN9D5Xq2o5mddV2QEcX/bjla99ASsAAQUyMCCRWAEhw=="],

    "mime-db": ["mime-db@1.52.0", "", {}, "sha512-sPU4uV7dYlvtWJxwwxHD0PuihVNiE7TyAbQ5SWxDCB9mUYvOgroQOwYQQOKPJ8CIbE+1ETVlOoK1UC2nU3gYvg=="],

    "mime-types": ["mime-types@2.1.35", "", { "dependencies": { "mime-db": "1.52.0" } }, "sha512-ZDY+bPm5zTTF+YpCrAU9nK0UgICYPT0QtT1NZWFv4s++TNkcgVaT0g6+4R2uI4MjQjzysHB1zxuWL50hzaeXiw=="],

    "ms": ["ms@2.1.3", "", {}, "sha512-6FlzubTLZG3J2a/NVCAleEhjzq5oxgHyaCU9yYXvcLsvoVaHJq/s5xXI6/XXP6tz7R9xAOtHnSO/tXtF3WRTlA=="],

    "nanoid": ["nanoid@5.1.5", "", { "bin": { "nanoid": "bin/nanoid.js" } }, "sha512-Ir/+ZpE9fDsNH0hQ3C68uyThDXzYcim2EqcZ8zn8Chtt1iylPT9xXJB0kPCnqzgcEGikO9RxSrh63MsmVCU7Fw=="],

    "node-domexception": ["node-domexception@1.0.0", "", {}, "sha512-/jKZoMpw0F8GRwl4/eLROPA3cfcXtLApP0QzLmUT/HuPCZWyB7IY9ZrMeKw2O/nFIqPQB3PVM9aYm0F312AXDQ=="],

    "node-fetch": ["node-fetch@2.7.0", "", { "dependencies": { "whatwg-url": "^5.0.0" }, "peerDependencies": { "encoding": "^0.1.0" }, "optionalPeers": ["encoding"] }, "sha512-c4FRfUm/dbcWZ7U+1Wq0AwCyFL+3nt2bEw05wfxSz+DWpWsitgmSgYmy2dQdWyKC1694ELPqMs/YzUSNozLt8A=="],

    "node-gyp-build": ["node-gyp-build@4.8.4", "", { "bin": { "node-gyp-build": "bin.js", "node-gyp-build-optional": "optional.js", "node-gyp-build-test": "build-test.js" } }, "sha512-LA4ZjwlnUblHVgq0oBF3Jl/6h/Nvs5fzBLwdEF4nuxnFdsfajde4WfxtJr3CaiH+F6ewcIB/q4jQ4UzPyid+CQ=="],

    "openai": ["openai@4.90.0", "", { "dependencies": { "@types/node": "^18.11.18", "@types/node-fetch": "^2.6.4", "abort-controller": "^3.0.0", "agentkeepalive": "^4.2.1", "form-data-encoder": "1.7.2", "formdata-node": "^4.3.2", "node-fetch": "^2.6.7" }, "peerDependencies": { "ws": "^8.18.0", "zod": "^3.23.8" }, "optionalPeers": ["ws", "zod"], "bin": { "openai": "bin/cli" } }, "sha512-YCuHMMycqtCg1B8G9ezkOF0j8UnBWD3Al/zYaelpuXwU1yhCEv+Y4n9G20MnyGy6cH4GsFwOMrgstQ+bgG1PtA=="],

    "prettier": ["prettier@3.5.0", "", { "bin": { "prettier": "bin/prettier.cjs" } }, "sha512-quyMrVt6svPS7CjQ9gKb3GLEX/rl3BCL2oa/QkNcXv4YNVBC9olt3s+H7ukto06q7B1Qz46PbrKLO34PR6vXcA=="],

    "raw-body": ["raw-body@3.0.0", "", { "dependencies": { "bytes": "3.1.2", "http-errors": "2.0.0", "iconv-lite": "0.6.3", "unpipe": "1.0.0" } }, "sha512-RmkhL8CAyCRPXCE28MMH0z2PNWQBNk2Q09ZdxM9IOOXwxwZbN+qbWaatPkdkWIKL2ZVDImrN/pK5HTRz2PcS4g=="],

    "safer-buffer": ["safer-buffer@2.1.2", "", {}, "sha512-YZo3K82SD7Riyi0E1EQPojLz7kpepnSQI9IyPbHHg1XXXevb5dJI7tpyN2ADxGcQbHG7vcyRHk0cbwqcQriUtg=="],

    "setprototypeof": ["setprototypeof@1.2.0", "", {}, "sha512-E5LDX7Wrp85Kil5bhZv46j8jOeboKq5JMmYM3gVGdGH8xFpPWXUMsNrlODCrkoxMEeNi/XZIwuRvY4XNwYMJpw=="],

    "statuses": ["statuses@2.0.1", "", {}, "sha512-RwNA9Z/7PrK06rYLIzFMlaF+l73iwpzsqRIFgbMLbTcLD6cOao82TaWefPXQvB2fOC4AjuYSEndS7N/mTCbkdQ=="],

    "toidentifier": ["toidentifier@1.0.1", "", {}, "sha512-o5sSPKEkg/DIQNmH43V0/uerLrpzVedkUh8tGNvaeXpfpuwjKenlSox/2O/BTlZUtEe+JG7s5YhEz608PlAHRA=="],

    "tr46": ["tr46@0.0.3", "", {}, "sha512-N3WMsuqV66lT30CrXNbEjx4GEwlow3v6rr4mCcv6prnfwhS01rkgyFdjPNBYd9br7LpXV1+Emh01fHnq2Gdgrw=="],

    "typescript": ["typescript@5.7.3", "", { "bin": { "tsc": "bin/tsc", "tsserver": "bin/tsserver" } }, "sha512-84MVSjMEHP+FQRPy3pX9sTVV/INIex71s9TL2Gm5FG/WG1SqXeKyZ0k7/blY/4FdOzI12CBy1vGc4og/eus0fw=="],

    "undici-types": ["undici-types@5.26.5", "", {}, "sha512-JlCMO+ehdEIKqlFxk6IfVoAUVmgz7cU7zD/h9XZ0qzeosSHmUJVOzSQvvYSYWXkFXC+IfLKSIffhv0sVZup6pA=="],

    "unpipe": ["unpipe@1.0.0", "", {}, "sha512-pjy2bYhSsufwWlKwPc+l3cN7+wuJlK6uz0YdJEOlQDbl6jo/YlPi4mb8agUkVC8BF7V8NuzeyPNqRksA3hztKQ=="],

    "utf-8-validate": ["utf-8-validate@5.0.10", "", { "dependencies": { "node-gyp-build": "^4.3.0" } }, "sha512-Z6czzLq4u8fPOyx7TU6X3dvUZVvoJmxSQ+IcrlmagKhilxlhZgxPK6C5Jqbkw1IDUmFTM+cz9QDnnLTwDz/2gQ=="],

    "web-streams-polyfill": ["web-streams-polyfill@4.0.0-beta.3", "", {}, "sha512-QW95TCTaHmsYfHDybGMwO5IJIM93I/6vTRk+daHTWFPhwh+C8Cg7j7XyKrwrj8Ib6vYXe0ocYNrmzY4xAAN6ug=="],

    "webidl-conversions": ["webidl-conversions@3.0.1", "", {}, "sha512-2JAn3z8AR6rjK8Sm8orRC0h/bcl/DqL7tRPdGZ4I1CjdF+EaMLmYxBHyXuKL849eucPFhvBoxMsflfOb8kxaeQ=="],

    "whatwg-url": ["whatwg-url@5.0.0", "", { "dependencies": { "tr46": "~0.0.3", "webidl-conversions": "^3.0.0" } }, "sha512-saE57nupxk6v3HY35+jzBwYa0rKSy0XR8JSxZPwgLr7ys0IBzhGviA1/TUGJLmSVqs8pb9AnvICXEuOHLprYTw=="],

    "ws": ["ws@7.5.10", "", { "peerDependencies": { "bufferutil": "^4.0.1", "utf-8-validate": "^5.0.2" }, "optionalPeers": ["bufferutil", "utf-8-validate"] }, "sha512-+dbF1tHwZpXcbOJdVOkzLDxZP1ailvSxM6ZweXTegylPny803bFhA+vqBYw4s31NSAk4S2Qz+AKXK9a4wkdjcQ=="],

    "zod": ["zod@3.24.2", "", {}, "sha512-lY7CDW43ECgW9u1TcT3IoXHflywfVqDYze4waEz812jR/bZ8FHDsl7pFQoSZTz5N+2NqRXs8GBwnAwo3ZNxqhQ=="],

    "zod-to-json-schema": ["zod-to-json-schema@3.24.1", "", { "peerDependencies": { "zod": "^3.24.1" } }, "sha512-3h08nf3Vw3Wl3PK+q3ow/lIil81IT2Oa7YpQyUUDsEWbXveMesdfK1xBd2RhCkynwZndAxixji/7SYJJowr62w=="],

    "@elite-agents/machina-habilis/@types/bun": ["@types/bun@1.2.10", "", { "dependencies": { "bun-types": "1.2.10" } }, "sha512-eilv6WFM3M0c9ztJt7/g80BDusK98z/FrFwseZgT4bXCq2vPhXD4z8R3oddmAn+R/Nmz9vBn4kweJKmGTZj+lg=="],

    "@elite-agents/oldowan/@types/bun": ["@types/bun@1.2.10", "", { "dependencies": { "bun-types": "1.2.10" } }, "sha512-eilv6WFM3M0c9ztJt7/g80BDusK98z/FrFwseZgT4bXCq2vPhXD4z8R3oddmAn+R/Nmz9vBn4kweJKmGTZj+lg=="],

    "@modelcontextprotocol/sdk/zod": ["zod@3.24.1", "", {}, "sha512-muH7gBL9sI1nciMZV67X5fTKKBLtwpZ5VBp1vsOQzj1MhrBZ4wlVCm3gedKZWLp0Oyel8sIGfeiz54Su+OVT+A=="],

    "@solana/errors/commander": ["commander@13.1.0", "", {}, "sha512-/rFeCpNJQbhSZjGVwO9RFV3xPqbnERS8MmIQzCtD/zl6gpJuV/bMLuN92oG3F7d8oDEHHRrujSXNUr8fpjntKw=="],

    "@solana/rpc-subscriptions-channel-websocket/ws": ["ws@8.18.0", "", { "peerDependencies": { "bufferutil": "^4.0.1", "utf-8-validate": ">=5.0.2" }, "optionalPeers": ["bufferutil", "utf-8-validate"] }, "sha512-8VbfWfHLbbwu3+N6OKsOMpBdT4kXPDDB9cJk2bJ6mh9ucxdlnNvH1e+roYkKmN9Nxw2yjz7VzeO9oOz2zJ04Pw=="],

    "@solana/rpc-transport-http/undici-types": ["undici-types@7.8.0", "", {}, "sha512-9UJ2xGDvQ43tYyVMpuHlsgApydB8ZKfVYTsLDhXkFL/6gfkp+U8xTGdh8pMJv1SpZna0zxG1DwsKZsreLbXBxw=="],

    "@types/node-fetch/@types/node": ["@types/node@22.13.1", "", { "dependencies": { "undici-types": "~6.20.0" } }, "sha512-jK8uzQlrvXqEU91UxiK5J7pKHyzgnI1Qnl0QDHIgVGuolJhRb9EEl28Cj9b3rGR8B2lhFCtvIm5os8lFnO/1Ew=="],

    "@types/ws/@types/node": ["@types/node@22.13.1", "", { "dependencies": { "undici-types": "~6.20.0" } }, "sha512-jK8uzQlrvXqEU91UxiK5J7pKHyzgnI1Qnl0QDHIgVGuolJhRb9EEl28Cj9b3rGR8B2lhFCtvIm5os8lFnO/1Ew=="],

    "bun-types/@types/node": ["@types/node@22.13.1", "", { "dependencies": { "undici-types": "~6.20.0" } }, "sha512-jK8uzQlrvXqEU91UxiK5J7pKHyzgnI1Qnl0QDHIgVGuolJhRb9EEl28Cj9b3rGR8B2lhFCtvIm5os8lFnO/1Ew=="],

    "@elite-agents/machina-habilis/@types/bun/bun-types": ["bun-types@1.2.10", "", { "dependencies": { "@types/node": "*" } }, "sha512-b5ITZMnVdf3m1gMvJHG+gIfeJHiQPJak0f7925Hxu6ZN5VKA8AGy4GZ4lM+Xkn6jtWxg5S3ldWvfmXdvnkp3GQ=="],

    "@elite-agents/oldowan/@types/bun/bun-types": ["bun-types@1.2.10", "", { "dependencies": { "@types/node": "*" } }, "sha512-b5ITZMnVdf3m1gMvJHG+gIfeJHiQPJak0f7925Hxu6ZN5VKA8AGy4GZ4lM+Xkn6jtWxg5S3ldWvfmXdvnkp3GQ=="],

    "@types/node-fetch/@types/node/undici-types": ["undici-types@6.20.0", "", {}, "sha512-Ny6QZ2Nju20vw1SRHe3d9jVu6gJ+4e3+MMpqu7pqE5HT6WsTSlce++GQmK5UXS8mzV8DSYHrQH+Xrf2jVcuKNg=="],

    "@types/ws/@types/node/undici-types": ["undici-types@6.20.0", "", {}, "sha512-Ny6QZ2Nju20vw1SRHe3d9jVu6gJ+4e3+MMpqu7pqE5HT6WsTSlce++GQmK5UXS8mzV8DSYHrQH+Xrf2jVcuKNg=="],

    "bun-types/@types/node/undici-types": ["undici-types@6.20.0", "", {}, "sha512-Ny6QZ2Nju20vw1SRHe3d9jVu6gJ+4e3+MMpqu7pqE5HT6WsTSlce++GQmK5UXS8mzV8DSYHrQH+Xrf2jVcuKNg=="],

    "@elite-agents/machina-habilis/@types/bun/bun-types/@types/node": ["@types/node@22.13.1", "", { "dependencies": { "undici-types": "~6.20.0" } }, "sha512-jK8uzQlrvXqEU91UxiK5J7pKHyzgnI1Qnl0QDHIgVGuolJhRb9EEl28Cj9b3rGR8B2lhFCtvIm5os8lFnO/1Ew=="],

    "@elite-agents/oldowan/@types/bun/bun-types/@types/node": ["@types/node@22.13.1", "", { "dependencies": { "undici-types": "~6.20.0" } }, "sha512-jK8uzQlrvXqEU91UxiK5J7pKHyzgnI1Qnl0QDHIgVGuolJhRb9EEl28Cj9b3rGR8B2lhFCtvIm5os8lFnO/1Ew=="],

    "@elite-agents/machina-habilis/@types/bun/bun-types/@types/node/undici-types": ["undici-types@6.20.0", "", {}, "sha512-Ny6QZ2Nju20vw1SRHe3d9jVu6gJ+4e3+MMpqu7pqE5HT6WsTSlce++GQmK5UXS8mzV8DSYHrQH+Xrf2jVcuKNg=="],

    "@elite-agents/oldowan/@types/bun/bun-types/@types/node/undici-types": ["undici-types@6.20.0", "", {}, "sha512-Ny6QZ2Nju20vw1SRHe3d9jVu6gJ+4e3+MMpqu7pqE5HT6WsTSlce++GQmK5UXS8mzV8DSYHrQH+Xrf2jVcuKNg=="],
  }
}
